
Microsoft Visual Studio Solution File, Format Version 12.00
# Visual Studio Version 17
VisualStudioVersion = 17.8.34330.188
MinimumVisualStudioVersion = 10.0.40219.1
Project("{FAE04EC0-301F-11D3-BF4B-00C04F79EFBC}") = "VRising Tool", "VRising Tool.csproj", "{AD866C70-21D6-4D87-ACA5-01E77A6CBE9B}"
EndProject
Global
	GlobalSection(SolutionConfigurationPlatforms) = preSolution
		Debug|Any CPU = Debug|Any CPU
		Release|Any CPU = Release|Any CPU
	EndGlobalSection
	GlobalSection(ProjectConfigurationPlatforms) = postSolution
		{AD866C70-21D6-4D87-ACA5-01E77A6CBE9B}.Debug|Any CPU.ActiveCfg = Debug|Any CPU
		{AD866C70-21D6-4D87-ACA5-01E77A6CBE9B}.Debug|Any CPU.Build.0 = Debug|Any CPU
		{AD866C70-21D6-4D87-ACA5-01E77A6CBE9B}.Release|Any CPU.ActiveCfg = Release|Any CPU
		{AD866C70-21D6-4D87-ACA5-01E77A6CBE9B}.Release|Any CPU.Build.0 = Release|Any CPU
	EndGlobalSection
	GlobalSection(SolutionProperties) = preSolution
		HideSolutionNode = FALSE
	EndGlobalSection
	GlobalSection(ExtensibilityGlobals) = postSolution
		SolutionGuid = {36091D77-585E-4265-9BDE-9E52DEEA7101}
	EndGlobalSection
EndGlobal
